// !$*UTF8*$!
{
	archiveVersion = 1;
	classes = {
	};
	objectVersion = 77;
	objects = {

/* Begin PBXContainerItemProxy section */
		BCE223772DA7CB8000D7373D /* PBXContainerItemProxy */ = {
			isa = PBXContainerItemProxy;
			containerPortal = BCE2235C2DA7CB7F00D7373D /* Project object */;
			proxyType = 1;
			remoteGlobalIDString = BCE223632DA7CB7F00D7373D;
			remoteInfo = DocScannerApp;
		};
		BCE223812DA7CB8000D7373D /* PBXContainerItemProxy */ = {
			isa = PBXContainerItemProxy;
			containerPortal = BCE2235C2DA7CB7F00D7373D /* Project object */;
			proxyType = 1;
			remoteGlobalIDString = BCE223632DA7CB7F00D7373D;
			remoteInfo = DocScannerApp;
		};
/* End PBXContainerItemProxy section */

/* Begin PBXFileReference section */
		BCE223642DA7CB7F00D7373D /* DocScannerApp.app */ = {isa = PBXFileReference; explicitFileType = wrapper.application; includeInIndex = 0; path = DocScannerApp.app; sourceTree = BUILT_PRODUCTS_DIR; };
		BCE223762DA7CB8000D7373D /* DocScannerAppTests.xctest */ = {isa = PBXFileReference; explicitFileType = wrapper.cfbundle; includeInIndex = 0; path = DocScannerAppTests.xctest; sourceTree = BUILT_PRODUCTS_DIR; };
		BCE223802DA7CB8000D7373D /* DocScannerAppUITests.xctest */ = {isa = PBXFileReference; explicitFileType = wrapper.cfbundle; includeInIndex = 0; path = DocScannerAppUITests.xctest; sourceTree = BUILT_PRODUCTS_DIR; };
/* End PBXFileReference section */

/* Begin PBXFileSystemSynchronizedRootGroup section */
		BCE223662DA7CB7F00D7373D /* DocScannerApp */ = {
			isa = PBXFileSystemSynchronizedRootGroup;
			path = DocScannerApp;
			sourceTree = "<group>";
		};
		BCE223792DA7CB8000D7373D /* DocScannerAppTests */ = {
			isa = PBXFileSystemSynchronizedRootGroup;
			path = DocScannerAppTests;
			sourceTree = "<group>";
		};
		BCE223832DA7CB8000D7373D /* DocScannerAppUITests */ = {
			isa = PBXFileSystemSynchronizedRootGroup;
			path = DocScannerAppUITests;
			sourceTree = "<group>";
		};
/* End PBXFileSystemSynchronizedRootGroup section */

/* Begin PBXFrameworksBuildPhase section */
		BCE223612DA7CB7F00D7373D /* Frameworks */ = {
			isa = PBXFrameworksBuildPhase;
			buildActionMask = 2147483647;
			files = (
			);
			runOnlyForDeploymentPostprocessing = 0;
		};
		BCE223732DA7CB8000D7373D /* Frameworks */ = {
			isa = PBXFrameworksBuildPhase;
			buildActionMask = 2147483647;
			files = (
			);
			runOnlyForDeploymentPostprocessing = 0;
		};
		BCE2237D2DA7CB8000D7373D /* Frameworks */ = {
			isa = PBXFrameworksBuildPhase;
			buildActionMask = 2147483647;
			files = (
			);
			runOnlyForDeploymentPostprocessing = 0;
		};
/* End PBXFrameworksBuildPhase section */

/* Begin PBXGroup section */
		BCE2235B2DA7CB7F00D7373D = {
			isa = PBXGroup;
			children = (
				BCE223662DA7CB7F00D7373D /* DocScannerApp */,
				BCE223792DA7CB8000D7373D /* DocScannerAppTests */,
				BCE223832DA7CB8000D7373D /* DocScannerAppUITests */,
				BCE223652DA7CB7F00D7373D /* Products */,
			);
			sourceTree = "<group>";
		};
		BCE223652DA7CB7F00D7373D /* Products */ = {
			isa = PBXGroup;
			children = (
				BCE223642DA7CB7F00D7373D /* DocScannerApp.app */,
				BCE223762DA7CB8000D7373D /* DocScannerAppTests.xctest */,
				BCE223802DA7CB8000D7373D /* DocScannerAppUITests.xctest */,
			);
			name = Products;
			sourceTree = "<group>";
		};
/* End PBXGroup section */

/* Begin PBXNativeTarget section */
		BCE223632DA7CB7F00D7373D /* DocScannerApp */ = {
			isa = PBXNativeTarget;
			buildConfigurationList = BCE2238A2DA7CB8000D7373D /* Build configuration list for PBXNativeTarget "DocScannerApp" */;
			buildPhases = (
				BCE223602DA7CB7F00D7373D /* Sources */,
				BCE223612DA7CB7F00D7373D /* Frameworks */,
				BCE223622DA7CB7F00D7373D /* Resources */,
			);
			buildRules = (
			);
			dependencies = (
			);
			fileSystemSynchronizedGroups = (
				BCE223662DA7CB7F00D7373D /* DocScannerApp */,
			);
			name = DocScannerApp;
			packageProductDependencies = (
			);
			productName = DocScannerApp;
			productReference = BCE223642DA7CB7F00D7373D /* DocScannerApp.app */;
			productType = "com.apple.product-type.application";
		};
		BCE223752DA7CB8000D7373D /* DocScannerAppTests */ = {
			isa = PBXNativeTarget;
			buildConfigurationList = BCE2238D2DA7CB8000D7373D /* Build configuration list for PBXNativeTarget "DocScannerAppTests" */;
			buildPhases = (
				BCE223722DA7CB8000D7373D /* Sources */,
				BCE223732DA7CB8000D7373D /* Frameworks */,
				BCE223742DA7CB8000D7373D /* Resources */,
			);
			buildRules = (
			);
			dependencies = (
				BCE223782DA7CB8000D7373D /* PBXTargetDependency */,
			);
			fileSystemSynchronizedGroups = (
				BCE223792DA7CB8000D7373D /* DocScannerAppTests */,
			);
			name = DocScannerAppTests;
			packageProductDependencies = (
			);
			productName = DocScannerAppTests;
			productReference = BCE223762DA7CB8000D7373D /* DocScannerAppTests.xctest */;
			productType = "com.apple.product-type.bundle.unit-test";
		};
		BCE2237F2DA7CB8000D7373D /* DocScannerAppUITests */ = {
			isa = PBXNativeTarget;
			buildConfigurationList = BCE223902DA7CB8000D7373D /* Build configuration list for PBXNativeTarget "DocScannerAppUITests" */;
			buildPhases = (
				BCE2237C2DA7CB8000D7373D /* Sources */,
				BCE2237D2DA7CB8000D7373D /* Frameworks */,
				BCE2237E2DA7CB8000D7373D /* Resources */,
			);
			buildRules = (
			);
			dependencies = (
				BCE223822DA7CB8000D7373D /* PBXTargetDependency */,
			);
			fileSystemSynchronizedGroups = (
				BCE223832DA7CB8000D7373D /* DocScannerAppUITests */,
			);
			name = DocScannerAppUITests;
			packageProductDependencies = (
			);
			productName = DocScannerAppUITests;
			productReference = BCE223802DA7CB8000D7373D /* DocScannerAppUITests.xctest */;
			productType = "com.apple.product-type.bundle.ui-testing";
		};
/* End PBXNativeTarget section */

/* Begin PBXProject section */
		BCE2235C2DA7CB7F00D7373D /* Project object */ = {
			isa = PBXProject;
			attributes = {
				BuildIndependentTargetsInParallel = 1;
				LastSwiftUpdateCheck = 1620;
				LastUpgradeCheck = 1620;
				TargetAttributes = {
					BCE223632DA7CB7F00D7373D = {
						CreatedOnToolsVersion = 16.2;
					};
					BCE223752DA7CB8000D7373D = {
						CreatedOnToolsVersion = 16.2;
						TestTargetID = BCE223632DA7CB7F00D7373D;
					};
					BCE2237F2DA7CB8000D7373D = {
						CreatedOnToolsVersion = 16.2;
						TestTargetID = BCE223632DA7CB7F00D7373D;
					};
				};
			};
			buildConfigurationList = BCE2235F2DA7CB7F00D7373D /* Build configuration list for PBXProject "DocScannerApp" */;
			developmentRegion = en;
			hasScannedForEncodings = 0;
			knownRegions = (
				en,
				Base,
			);
			mainGroup = BCE2235B2DA7CB7F00D7373D;
			minimizedProjectReferenceProxies = 1;
			preferredProjectObjectVersion = 77;
			productRefGroup = BCE223652DA7CB7F00D7373D /* Products */;
			projectDirPath = "";
			projectRoot = "";
			targets = (
				BCE223632DA7CB7F00D7373D /* DocScannerApp */,
				BCE223752DA7CB8000D7373D /* DocScannerAppTests */,
				BCE2237F2DA7CB8000D7373D /* DocScannerAppUITests */,
			);
		};
/* End PBXProject section */

/* Begin PBXResourcesBuildPhase section */
		BCE223622DA7CB7F00D7373D /* Resources */ = {
			isa = PBXResourcesBuildPhase;
			buildActionMask = 2147483647;
			files = (
			);
			runOnlyForDeploymentPostprocessing = 0;
		};
		BCE223742DA7CB8000D7373D /* Resources */ = {
			isa = PBXResourcesBuildPhase;
			buildActionMask = 2147483647;
			files = (
			);
			runOnlyForDeploymentPostprocessing = 0;
		};
		BCE2237E2DA7CB8000D7373D /* Resources */ = {
			isa = PBXResourcesBuildPhase;
			buildActionMask = 2147483647;
			files = (
			);
			runOnlyForDeploymentPostprocessing = 0;
		};
/* End PBXResourcesBuildPhase section */

/* Begin PBXSourcesBuildPhase section */
		BCE223602DA7CB7F00D7373D /* Sources */ = {
			isa = PBXSourcesBuildPhase;
			buildActionMask = 2147483647;
			files = (
			);
			runOnlyForDeploymentPostprocessing = 0;
		};
		BCE223722DA7CB8000D7373D /* Sources */ = {
			isa = PBXSourcesBuildPhase;
			buildActionMask = 2147483647;
			files = (
			);
			runOnlyForDeploymentPostprocessing = 0;
		};
		BCE2237C2DA7CB8000D7373D /* Sources */ = {
			isa = PBXSourcesBuildPhase;
			buildActionMask = 2147483647;
			files = (
			);
			runOnlyForDeploymentPostprocessing = 0;
		};
/* End PBXSourcesBuildPhase section */

/* Begin PBXTargetDependency section */
		BCE223782DA7CB8000D7373D /* PBXTargetDependency */ = {
			isa = PBXTargetDependency;
			target = BCE223632DA7CB7F00D7373D /* DocScannerApp */;
			targetProxy = BCE223772DA7CB8000D7373D /* PBXContainerItemProxy */;
		};
		BCE223822DA7CB8000D7373D /* PBXTargetDependency */ = {
			isa = PBXTargetDependency;
			target = BCE223632DA7CB7F00D7373D /* DocScannerApp */;
			targetProxy = BCE223812DA7CB8000D7373D /* PBXContainerItemProxy */;
		};
/* End PBXTargetDependency section */

/* Begin XCBuildConfiguration section */
		BCE223882DA7CB8000D7373D /* Debug */ = {
			isa = XCBuildConfiguration;
			buildSettings = {
				ALWAYS_SEARCH_USER_PATHS = NO;
				ASSETCATALOG_COMPILER_GENERATE_SWIFT_ASSET_SYMBOL_EXTENSIONS = YES;
				CLANG_ANALYZER_NONNULL = YES;
				CLANG_ANALYZER_NUMBER_OBJECT_CONVERSION = YES_AGGRESSIVE;
				CLANG_CXX_LANGUAGE_STANDARD = "gnu++20";
				CLANG_ENABLE_MODULES = YES;
				CLANG_ENABLE_OBJC_ARC = YES;
				CLANG_ENABLE_OBJC_WEAK = YES;
				CLANG_WARN_BLOCK_CAPTURE_AUTORELEASING = YES;
				CLANG_WARN_BOOL_CONVERSION = YES;
				CLANG_WARN_COMMA = YES;
				CLANG_WARN_CONSTANT_CONVERSION = YES;
				CLANG_WARN_DEPRECATED_OBJC_IMPLEMENTATIONS = YES;
				CLANG_WARN_DIRECT_OBJC_ISA_USAGE = YES_ERROR;
				CLANG_WARN_DOCUMENTATION_COMMENTS = YES;
				CLANG_WARN_EMPTY_BODY = YES;
				CLANG_WARN_ENUM_CONVERSION = YES;
				CLANG_WARN_INFINITE_RECURSION = YES;
				CLANG_WARN_INT_CONVERSION = YES;
				CLANG_WARN_NON_LITERAL_NULL_CONVERSION = YES;
				CLANG_WARN_OBJC_IMPLICIT_RETAIN_SELF = YES;
				CLANG_WARN_OBJC_LITERAL_CONVERSION = YES;
				CLANG_WARN_OBJC_ROOT_CLASS = YES_ERROR;
				CLANG_WARN_QUOTED_INCLUDE_IN_FRAMEWORK_HEADER = YES;
				CLANG_WARN_RANGE_LOOP_ANALYSIS = YES;
				CLANG_WARN_STRICT_PROTOTYPES = YES;
				CLANG_WARN_SUSPICIOUS_MOVE = YES;
				CLANG_WARN_UNGUARDED_AVAILABILITY = YES_AGGRESSIVE;
				CLANG_WARN_UNREACHABLE_CODE = YES;
				CLANG_WARN__DUPLICATE_METHOD_MATCH = YES;
				COPY_PHASE_STRIP = NO;
				DEBUG_INFORMATION_FORMAT = dwarf;
				ENABLE_STRICT_OBJC_MSGSEND = YES;
				ENABLE_TESTABILITY = YES;
				ENABLE_USER_SCRIPT_SANDBOXING = YES;
				GCC_C_LANGUAGE_STANDARD = gnu17;
				GCC_DYNAMIC_NO_PIC = NO;
				GCC_NO_COMMON_BLOCKS = YES;
				GCC_OPTIMIZATION_LEVEL = 0;
				GCC_PREPROCESSOR_DEFINITIONS = (
					"DEBUG=1",
					"$(inherited)",
				);
				GCC_WARN_64_TO_32_BIT_CONVERSION = YES;
				GCC_WARN_ABOUT_RETURN_TYPE = YES_ERROR;
				GCC_WARN_UNDECLARED_SELECTOR = YES;
				GCC_WARN_UNINITIALIZED_AUTOS = YES_AGGRESSIVE;
				GCC_WARN_UNUSED_FUNCTION = YES;
				GCC_WARN_UNUSED_VARIABLE = YES;
				IPHONEOS_DEPLOYMENT_TARGET = 18.2;
				LOCALIZATION_PREFERS_STRING_CATALOGS = YES;
				MTL_ENABLE_DEBUG_INFO = INCLUDE_SOURCE;
				MTL_FAST_MATH = YES;
				ONLY_ACTIVE_ARCH = YES;
				SDKROOT = iphoneos;
				SWIFT_ACTIVE_COMPILATION_CONDITIONS = "DEBUG $(inherited)";
				SWIFT_OPTIMIZATION_LEVEL = "-Onone";
			};
			name = Debug;
		};
		BCE223892DA7CB8000D7373D /* Release */ = {
			isa = XCBuildConfiguration;
			buildSettings = {
				ALWAYS_SEARCH_USER_PATHS = NO;
				ASSETCATALOG_COMPILER_GENERATE_SWIFT_ASSET_SYMBOL_EXTENSIONS = YES;
				CLANG_ANALYZER_NONNULL = YES;
				CLANG_ANALYZER_NUMBER_OBJECT_CONVERSION = YES_AGGRESSIVE;
				CLANG_CXX_LANGUAGE_STANDARD = "gnu++20";
				CLANG_ENABLE_MODULES = YES;
				CLANG_ENABLE_OBJC_ARC = YES;
				CLANG_ENABLE_OBJC_WEAK = YES;
				CLANG_WARN_BLOCK_CAPTURE_AUTORELEASING = YES;
				CLANG_WARN_BOOL_CONVERSION = YES;
				CLANG_WARN_COMMA = YES;
				CLANG_WARN_CONSTANT_CONVERSION = YES;
				CLANG_WARN_DEPRECATED_OBJC_IMPLEMENTATIONS = YES;
				CLANG_WARN_DIRECT_OBJC_ISA_USAGE = YES_ERROR;
				CLANG_WARN_DOCUMENTATION_COMMENTS = YES;
				CLANG_WARN_EMPTY_BODY = YES;
				CLANG_WARN_ENUM_CONVERSION = YES;
				CLANG_WARN_INFINITE_RECURSION = YES;
				CLANG_WARN_INT_CONVERSION = YES;
				CLANG_WARN_NON_LITERAL_NULL_CONVERSION = YES;
				CLANG_WARN_OBJC_IMPLICIT_RETAIN_SELF = YES;
				CLANG_WARN_OBJC_LITERAL_CONVERSION = YES;
				CLANG_WARN_OBJC_ROOT_CLASS = YES_ERROR;
				CLANG_WARN_QUOTED_INCLUDE_IN_FRAMEWORK_HEADER = YES;
				CLANG_WARN_RANGE_LOOP_ANALYSIS = YES;
				CLANG_WARN_STRICT_PROTOTYPES = YES;
				CLANG_WARN_SUSPICIOUS_MOVE = YES;
				CLANG_WARN_UNGUARDED_AVAILABILITY = YES_AGGRESSIVE;
				CLANG_WARN_UNREACHABLE_CODE = YES;
				CLANG_WARN__DUPLICATE_METHOD_MATCH = YES;
				COPY_PHASE_STRIP = NO;
				DEBUG_INFORMATION_FORMAT = "dwarf-with-dsym";
				ENABLE_NS_ASSERTIONS = NO;
				ENABLE_STRICT_OBJC_MSGSEND = YES;
				ENABLE_USER_SCRIPT_SANDBOXING = YES;
				GCC_C_LANGUAGE_STANDARD = gnu17;
				GCC_NO_COMMON_BLOCKS = YES;
				GCC_WARN_64_TO_32_BIT_CONVERSION = YES;
				GCC_WARN_ABOUT_RETURN_TYPE = YES_ERROR;
				GCC_WARN_UNDECLARED_SELECTOR = YES;
				GCC_WARN_UNINITIALIZED_AUTOS = YES_AGGRESSIVE;
				GCC_WARN_UNUSED_FUNCTION = YES;
				GCC_WARN_UNUSED_VARIABLE = YES;
				IPHONEOS_DEPLOYMENT_TARGET = 18.2;
				LOCALIZATION_PREFERS_STRING_CATALOGS = YES;
				MTL_ENABLE_DEBUG_INFO = NO;
				MTL_FAST_MATH = YES;
				SDKROOT = iphoneos;
				SWIFT_COMPILATION_MODE = wholemodule;
				VALIDATE_PRODUCT = YES;
			};
			name = Release;
		};
		BCE2238B2DA7CB8000D7373D /* Debug */ = {
			isa = XCBuildConfiguration;
			buildSettings = {
				ASSETCATALOG_COMPILER_APPICON_NAME = AppIcon;
				ASSETCATALOG_COMPILER_GLOBAL_ACCENT_COLOR_NAME = AccentColor;
				CODE_SIGN_STYLE = Automatic;
				CURRENT_PROJECT_VERSION = 1;
				DEVELOPMENT_ASSET_PATHS = "\"DocScannerApp/Preview Content\"";
				DEVELOPMENT_TEAM = Q48726KS4H;
				ENABLE_PREVIEWS = YES;
				GENERATE_INFOPLIST_FILE = YES;
				INFOPLIST_KEY_NSCameraUsageDescription = "";
				INFOPLIST_KEY_NSFaceIDUsageDescription = "";
				INFOPLIST_KEY_UIApplicationSceneManifest_Generation = YES;
				INFOPLIST_KEY_UIApplicationSupportsIndirectInputEvents = YES;
				INFOPLIST_KEY_UILaunchScreen_Generation = YES;
				INFOPLIST_KEY_UISupportedInterfaceOrientations_iPad = "UIInterfaceOrientationPortrait UIInterfaceOrientationPortraitUpsideDown UIInterfaceOrientationLandscapeLeft UIInterfaceOrientationLandscapeRight";
				INFOPLIST_KEY_UISupportedInterfaceOrientations_iPhone = "UIInterfaceOrientationPortrait UIInterfaceOrientationLandscapeLeft UIInterfaceOrientationLandscapeRight";
				LD_RUNPATH_SEARCH_PATHS = (
					"$(inherited)",
					"@executable_path/Frameworks",
				);
				MARKETING_VERSION = 1.0;
				PRODUCT_BUNDLE_IDENTIFIER = nonamerz.DocScannerApp;
				PRODUCT_NAME = "$(TARGET_NAME)";
				SWIFT_EMIT_LOC_STRINGS = YES;
				SWIFT_VERSION = 5.0;
				TARGETED_DEVICE_FAMILY = "1,2";
			};
			name = Debug;
		};
		BCE2238C2DA7CB8000D7373D /* Release */ = {
			isa = XCBuildConfiguration;
			buildSettings = {
				ASSETCATALOG_COMPILER_APPICON_NAME = AppIcon;
				ASSETCATALOG_COMPILER_GLOBAL_ACCENT_COLOR_NAME = AccentColor;
				CODE_SIGN_STYLE = Automatic;
				CURRENT_PROJECT_VERSION = 1;
				DEVELOPMENT_ASSET_PATHS = "\"DocScannerApp/Preview Content\"";
				DEVELOPMENT_TEAM = Q48726KS4H;
				ENABLE_PREVIEWS = YES;
				GENERATE_INFOPLIST_FILE = YES;
				INFOPLIST_KEY_NSCameraUsageDescription = "";
				INFOPLIST_KEY_NSFaceIDUsageDescription = "";
				INFOPLIST_KEY_UIApplicationSceneManifest_Generation = YES;
				INFOPLIST_KEY_UIApplicationSupportsIndirectInputEvents = YES;
				INFOPLIST_KEY_UILaunchScreen_Generation = YES;
				INFOPLIST_KEY_UISupportedInterfaceOrientations_iPad = "UIInterfaceOrientationPortrait UIInterfaceOrientationPortraitUpsideDown UIInterfaceOrientationLandscapeLeft UIInterfaceOrientationLandscapeRight";
				INFOPLIST_KEY_UISupportedInterfaceOrientations_iPhone = "UIInterfaceOrientationPortrait UIInterfaceOrientationLandscapeLeft UIInterfaceOrientationLandscapeRight";
				LD_RUNPATH_SEARCH_PATHS = (
					"$(inherited)",
					"@executable_path/Frameworks",
				);
				MARKETING_VERSION = 1.0;
				PRODUCT_BUNDLE_IDENTIFIER = nonamerz.DocScannerApp;
				PRODUCT_NAME = "$(TARGET_NAME)";
				SWIFT_EMIT_LOC_STRINGS = YES;
				SWIFT_VERSION = 5.0;
				TARGETED_DEVICE_FAMILY = "1,2";
			};
			name = Release;
		};
		BCE2238E2DA7CB8000D7373D /* Debug */ = {
			isa = XCBuildConfiguration;
			buildSettings = {
				BUNDLE_LOADER = "$(TEST_HOST)";
				CODE_SIGN_STYLE = Automatic;
				CURRENT_PROJECT_VERSION = 1;
				DEVELOPMENT_TEAM = Q48726KS4H;
				GENERATE_INFOPLIST_FILE = YES;
				IPHONEOS_DEPLOYMENT_TARGET = 18.2;
				MARKETING_VERSION = 1.0;
				PRODUCT_BUNDLE_IDENTIFIER = nonamerz.DocScannerAppTests;
				PRODUCT_NAME = "$(TARGET_NAME)";
				SWIFT_EMIT_LOC_STRINGS = NO;
				SWIFT_VERSION = 5.0;
				TARGETED_DEVICE_FAMILY = "1,2";
				TEST_HOST = "$(BUILT_PRODUCTS_DIR)/DocScannerApp.app/$(BUNDLE_EXECUTABLE_FOLDER_PATH)/DocScannerApp";
			};
			name = Debug;
		};
		BCE2238F2DA7CB8000D7373D /* Release */ = {
			isa = XCBuildConfiguration;
			buildSettings = {
				BUNDLE_LOADER = "$(TEST_HOST)";
				CODE_SIGN_STYLE = Automatic;
				CURRENT_PROJECT_VERSION = 1;
				DEVELOPMENT_TEAM = Q48726KS4H;
				GENERATE_INFOPLIST_FILE = YES;
				IPHONEOS_DEPLOYMENT_TARGET = 18.2;
				MARKETING_VERSION = 1.0;
				PRODUCT_BUNDLE_IDENTIFIER = nonamerz.DocScannerAppTests;
				PRODUCT_NAME = "$(TARGET_NAME)";
				SWIFT_EMIT_LOC_STRINGS = NO;
				SWIFT_VERSION = 5.0;
				TARGETED_DEVICE_FAMILY = "1,2";
				TEST_HOST = "$(BUILT_PRODUCTS_DIR)/DocScannerApp.app/$(BUNDLE_EXECUTABLE_FOLDER_PATH)/DocScannerApp";
			};
			name = Release;
		};
		BCE223912DA7CB8000D7373D /* Debug */ = {
			isa = XCBuildConfiguration;
			buildSettings = {
				CODE_SIGN_STYLE = Automatic;
				CURRENT_PROJECT_VERSION = 1;
				DEVELOPMENT_TEAM = Q48726KS4H;
				GENERATE_INFOPLIST_FILE = YES;
				MARKETING_VERSION = 1.0;
				PRODUCT_BUNDLE_IDENTIFIER = nonamerz.DocScannerAppUITests;
				PRODUCT_NAME = "$(TARGET_NAME)";
				SWIFT_EMIT_LOC_STRINGS = NO;
				SWIFT_VERSION = 5.0;
				TARGETED_DEVICE_FAMILY = "1,2";
				TEST_TARGET_NAME = DocScannerApp;
			};
			name = Debug;
		};
		BCE223922DA7CB8000D7373D /* Release */ = {
			isa = XCBuildConfiguration;
			buildSettings = {
				CODE_SIGN_STYLE = Automatic;
				CURRENT_PROJECT_VERSION = 1;
				DEVELOPMENT_TEAM = Q48726KS4H;
				GENERATE_INFOPLIST_FILE = YES;
				MARKETING_VERSION = 1.0;
				PRODUCT_BUNDLE_IDENTIFIER = nonamerz.DocScannerAppUITests;
				PRODUCT_NAME = "$(TARGET_NAME)";
				SWIFT_EMIT_LOC_STRINGS = NO;
				SWIFT_VERSION = 5.0;
				TARGETED_DEVICE_FAMILY = "1,2";
				TEST_TARGET_NAME = DocScannerApp;
			};
			name = Release;
		};
/* End XCBuildConfiguration section */

/* Begin XCConfigurationList section */
		BCE2235F2DA7CB7F00D7373D /* Build configuration list for PBXProject "DocScannerApp" */ = {
			isa = XCConfigurationList;
			buildConfigurations = (
				BCE223882DA7CB8000D7373D /* Debug */,
				BCE223892DA7CB8000D7373D /* Release */,
			);
			defaultConfigurationIsVisible = 0;
			defaultConfigurationName = Release;
		};
		BCE2238A2DA7CB8000D7373D /* Build configuration list for PBXNativeTarget "DocScannerApp" */ = {
			isa = XCConfigurationList;
			buildConfigurations = (
				BCE2238B2DA7CB8000D7373D /* Debug */,
				BCE2238C2DA7CB8000D7373D /* Release */,
			);
			defaultConfigurationIsVisible = 0;
			defaultConfigurationName = Release;
		};
		BCE2238D2DA7CB8000D7373D /* Build configuration list for PBXNativeTarget "DocScannerAppTests" */ = {
			isa = XCConfigurationList;
			buildConfigurations = (
				BCE2238E2DA7CB8000D7373D /* Debug */,
				BCE2238F2DA7CB8000D7373D /* Release */,
			);
			defaultConfigurationIsVisible = 0;
			defaultConfigurationName = Release;
		};
		BCE223902DA7CB8000D7373D /* Build configuration list for PBXNativeTarget "DocScannerAppUITests" */ = {
			isa = XCConfigurationList;
			buildConfigurations = (
				BCE223912DA7CB8000D7373D /* Debug */,
				BCE223922DA7CB8000D7373D /* Release */,
			);
			defaultConfigurationIsVisible = 0;
			defaultConfigurationName = Release;
		};
/* End XCConfigurationList section */
	};
	rootObject = BCE2235C2DA7CB7F00D7373D /* Project object */;
}
